
Microsoft Visual Studio Solution File, Format Version 12.00
# Visual Studio Version 16
VisualStudioVersion = 25.0.1700.3
MinimumVisualStudioVersion = 10.0.40219.1
Project("{FAE04EC0-301F-11D3-BF4B-00C04F79EFBC}") = "TwitterApi", "TwitterApi\TwitterApi.csproj", "{BA51B683-7D01-42DE-885D-652FEC2F8667}"
EndProject
Global
	GlobalSection(SolutionConfigurationPlatforms) = preSolution
		Debug|Any CPU = Debug|Any CPU
		Release|Any CPU = Release|Any CPU
	EndGlobalSection
	GlobalSection(ProjectConfigurationPlatforms) = postSolution
		{BA51B683-7D01-42DE-885D-652FEC2F8667}.Debug|Any CPU.ActiveCfg = Debug|Any CPU
		{BA51B683-7D01-42DE-885D-652FEC2F8667}.Debug|Any CPU.Build.0 = Debug|Any CPU
		{BA51B683-7D01-42DE-885D-652FEC2F8667}.Release|Any CPU.ActiveCfg = Release|Any CPU
		{BA51B683-7D01-42DE-885D-652FEC2F8667}.Release|Any CPU.Build.0 = Release|Any CPU
	EndGlobalSection
	GlobalSection(SolutionProperties) = preSolution
		HideSolutionNode = FALSE
	EndGlobalSection
	GlobalSection(ExtensibilityGlobals) = postSolution
		SolutionGuid = {DD29648B-2428-4E52-AD85-7B79E764551E}
	EndGlobalSection
EndGlobal
